
Microsoft Visual Studio Solution File, Format Version 12.00
# Visual Studio Version 16
VisualStudioVersion = 16.0.30011.22
MinimumVisualStudioVersion = 10.0.40219.1
Project("{2150E333-8FDC-42A3-9474-1A3956D46DE8}") = "Common", "Common", "{70E565CE-CA50-4DFE-A541-200BF073FD33}"
EndProject
Project("{2150E333-8FDC-42A3-9474-1A3956D46DE8}") = "CourseManagement", "CourseManagement", "{7746A8F8-29B3-4C62-B960-9FA307222EE9}"
EndProject
Project("{2150E333-8FDC-42A3-9474-1A3956D46DE8}") = "Site", "Site", "{5DFE0E24-12A3-4EFC-9E5D-08A19A4ABE7E}"
EndProject
Project("{9A19103F-16F7-4668-BE54-9A1E7A4F7556}") = "Common.BaseClasses", "Common.BaseClasses\Common.BaseClasses.csproj", "{930734ED-1F93-4443-9C94-04B5611469B9}"
EndProject
Project("{9A19103F-16F7-4668-BE54-9A1E7A4F7556}") = "Common.SharedData", "Common.SharedData\Common.SharedData.csproj", "{8128AFC7-43A2-48F1-A5D0-6B78A9928F25}"
EndProject
Project("{9A19103F-16F7-4668-BE54-9A1E7A4F7556}") = "Common.Utils", "Common.Utils\Common.Utils.csproj", "{999DF181-F4C7-43CF-A4F3-93DBE7F571BD}"
EndProject
Project("{2150E333-8FDC-42A3-9474-1A3956D46DE8}") = "1-UI", "1-UI", "{42E6F092-20FF-4237-B4F7-73BFA7FD0E27}"
EndProject
Project("{2150E333-8FDC-42A3-9474-1A3956D46DE8}") = "2-ApplicationServices", "2-ApplicationServices", "{D8DB9400-6074-48BB-B12C-44DEECCEA943}"
EndProject
Project("{2150E333-8FDC-42A3-9474-1A3956D46DE8}") = "3-DomainContracts", "3-DomainContracts", "{CC4367E1-CDE6-4AA2-B364-A843C1675414}"
EndProject
Project("{2150E333-8FDC-42A3-9474-1A3956D46DE8}") = "4-DomainEntites", "4-DomainEntites", "{7DB73517-F073-40C3-836B-A1993C753AF8}"
EndProject
Project("{2150E333-8FDC-42A3-9474-1A3956D46DE8}") = "5-DataSource", "5-DataSource", "{27E265ED-F9B3-4F69-B040-F2CCE7954E80}"
EndProject
Project("{9A19103F-16F7-4668-BE54-9A1E7A4F7556}") = "CourseMangement.DataSource", "CourseMangement.DataSource\CourseMangement.DataSource.csproj", "{AF253894-1794-4386-9F82-75C5A431987C}"
EndProject
Project("{9A19103F-16F7-4668-BE54-9A1E7A4F7556}") = "CourseManagement.DomainEntities", "CourseManagement.DomainEntities\CourseManagement.DomainEntities.csproj", "{01A28263-98A2-40D2-BBCF-D9D6241899A3}"
EndProject
Project("{9A19103F-16F7-4668-BE54-9A1E7A4F7556}") = "CourseManagement.DomainContracts", "CourseManagement.DomainContracts\CourseManagement.DomainContracts.csproj", "{AE569068-FC8C-4E12-82A2-1C504C7775F9}"
EndProject
Project("{9A19103F-16F7-4668-BE54-9A1E7A4F7556}") = "CourseManagement.ApplicationServices.Contracts", "CourseManagement.ApplicationServices.Contracts\CourseManagement.ApplicationServices.Contracts.csproj", "{174BD88B-4795-40B7-A454-EAC5CE114BE4}"
EndProject
Project("{9A19103F-16F7-4668-BE54-9A1E7A4F7556}") = "CourseManagement.ApplicationServices.Implementation", "CourseManagement.ApplicationServices.Implementation\CourseManagement.ApplicationServices.Implementation.csproj", "{9E2B6DBD-45B2-44CD-9D3A-951178B771E1}"
EndProject
Project("{9A19103F-16F7-4668-BE54-9A1E7A4F7556}") = "CourseManagement.UI", "CourseManagement.UI\CourseManagement.UI.csproj", "{EDA268BA-28C2-4C3E-BEA4-74E8401199F5}"
EndProject
Project("{2150E333-8FDC-42A3-9474-1A3956D46DE8}") = "4-DomainEntities", "4-DomainEntities", "{A8D643E4-4F38-4447-A7D2-3649E209C918}"
EndProject
Project("{FAE04EC0-301F-11D3-BF4B-00C04F79EFBC}") = "Site.DomainEntities", "Site.DomainEntities\Site.DomainEntities.csproj", "{FC05B038-E806-41B4-9A31-BEA32B453C7F}"
EndProject
Project("{2150E333-8FDC-42A3-9474-1A3956D46DE8}") = "3-DomainContracts", "3-DomainContracts", "{62CDBA25-4F90-46ED-BAE3-C11922A6BA0A}"
EndProject
Project("{FAE04EC0-301F-11D3-BF4B-00C04F79EFBC}") = "Sute.DomainContracts", "Sute.DomainContracts\Sute.DomainContracts.csproj", "{A1939A0B-E6F1-4A22-A31B-CB1C8A939579}"
EndProject
Project("{2150E333-8FDC-42A3-9474-1A3956D46DE8}") = "5-DataSource", "5-DataSource", "{861DEC54-D9BD-4C73-B0BC-CE4FB36D3C08}"
EndProject
Project("{FAE04EC0-301F-11D3-BF4B-00C04F79EFBC}") = "Site.DataSource", "Site.DataSource\Site.DataSource.csproj", "{E510201C-F7EC-4BB8-9BBB-D1E89D186AE0}"
EndProject
Project("{2150E333-8FDC-42A3-9474-1A3956D46DE8}") = "2-ApplicationServices", "2-ApplicationServices", "{5088EDB5-A781-4834-949E-AFF7AADD2989}"
EndProject
Project("{FAE04EC0-301F-11D3-BF4B-00C04F79EFBC}") = "Site.ApplicationServices", "Site.ApplicationServices\Site.ApplicationServices.csproj", "{976A2143-0831-4E6B-8C30-9796C051B50A}"
EndProject
Project("{2150E333-8FDC-42A3-9474-1A3956D46DE8}") = "1-UI", "1-UI", "{67ABB733-02BF-4DA5-B44E-7E2BF0408F00}"
EndProject
Project("{FAE04EC0-301F-11D3-BF4B-00C04F79EFBC}") = "Site.UI", "Site.UI\Site.UI.csproj", "{3CA1101F-A6C8-4A0E-8CCA-DA23127246EC}"
EndProject
Global
	GlobalSection(SolutionConfigurationPlatforms) = preSolution
		Debug|Any CPU = Debug|Any CPU
		Release|Any CPU = Release|Any CPU
	EndGlobalSection
	GlobalSection(ProjectConfigurationPlatforms) = postSolution
		{930734ED-1F93-4443-9C94-04B5611469B9}.Debug|Any CPU.ActiveCfg = Debug|Any CPU
		{930734ED-1F93-4443-9C94-04B5611469B9}.Debug|Any CPU.Build.0 = Debug|Any CPU
		{930734ED-1F93-4443-9C94-04B5611469B9}.Release|Any CPU.ActiveCfg = Release|Any CPU
		{930734ED-1F93-4443-9C94-04B5611469B9}.Release|Any CPU.Build.0 = Release|Any CPU
		{8128AFC7-43A2-48F1-A5D0-6B78A9928F25}.Debug|Any CPU.ActiveCfg = Debug|Any CPU
		{8128AFC7-43A2-48F1-A5D0-6B78A9928F25}.Debug|Any CPU.Build.0 = Debug|Any CPU
		{8128AFC7-43A2-48F1-A5D0-6B78A9928F25}.Release|Any CPU.ActiveCfg = Release|Any CPU
		{8128AFC7-43A2-48F1-A5D0-6B78A9928F25}.Release|Any CPU.Build.0 = Release|Any CPU
		{999DF181-F4C7-43CF-A4F3-93DBE7F571BD}.Debug|Any CPU.ActiveCfg = Debug|Any CPU
		{999DF181-F4C7-43CF-A4F3-93DBE7F571BD}.Debug|Any CPU.Build.0 = Debug|Any CPU
		{999DF181-F4C7-43CF-A4F3-93DBE7F571BD}.Release|Any CPU.ActiveCfg = Release|Any CPU
		{999DF181-F4C7-43CF-A4F3-93DBE7F571BD}.Release|Any CPU.Build.0 = Release|Any CPU
		{AF253894-1794-4386-9F82-75C5A431987C}.Debug|Any CPU.ActiveCfg = Debug|Any CPU
		{AF253894-1794-4386-9F82-75C5A431987C}.Debug|Any CPU.Build.0 = Debug|Any CPU
		{AF253894-1794-4386-9F82-75C5A431987C}.Release|Any CPU.ActiveCfg = Release|Any CPU
		{AF253894-1794-4386-9F82-75C5A431987C}.Release|Any CPU.Build.0 = Release|Any CPU
		{01A28263-98A2-40D2-BBCF-D9D6241899A3}.Debug|Any CPU.ActiveCfg = Debug|Any CPU
		{01A28263-98A2-40D2-BBCF-D9D6241899A3}.Debug|Any CPU.Build.0 = Debug|Any CPU
		{01A28263-98A2-40D2-BBCF-D9D6241899A3}.Release|Any CPU.ActiveCfg = Release|Any CPU
		{01A28263-98A2-40D2-BBCF-D9D6241899A3}.Release|Any CPU.Build.0 = Release|Any CPU
		{AE569068-FC8C-4E12-82A2-1C504C7775F9}.Debug|Any CPU.ActiveCfg = Debug|Any CPU
		{AE569068-FC8C-4E12-82A2-1C504C7775F9}.Debug|Any CPU.Build.0 = Debug|Any CPU
		{AE569068-FC8C-4E12-82A2-1C504C7775F9}.Release|Any CPU.ActiveCfg = Release|Any CPU
		{AE569068-FC8C-4E12-82A2-1C504C7775F9}.Release|Any CPU.Build.0 = Release|Any CPU
		{174BD88B-4795-40B7-A454-EAC5CE114BE4}.Debug|Any CPU.ActiveCfg = Debug|Any CPU
		{174BD88B-4795-40B7-A454-EAC5CE114BE4}.Debug|Any CPU.Build.0 = Debug|Any CPU
		{174BD88B-4795-40B7-A454-EAC5CE114BE4}.Release|Any CPU.ActiveCfg = Release|Any CPU
		{174BD88B-4795-40B7-A454-EAC5CE114BE4}.Release|Any CPU.Build.0 = Release|Any CPU
		{9E2B6DBD-45B2-44CD-9D3A-951178B771E1}.Debug|Any CPU.ActiveCfg = Debug|Any CPU
		{9E2B6DBD-45B2-44CD-9D3A-951178B771E1}.Debug|Any CPU.Build.0 = Debug|Any CPU
		{9E2B6DBD-45B2-44CD-9D3A-951178B771E1}.Release|Any CPU.ActiveCfg = Release|Any CPU
		{9E2B6DBD-45B2-44CD-9D3A-951178B771E1}.Release|Any CPU.Build.0 = Release|Any CPU
		{EDA268BA-28C2-4C3E-BEA4-74E8401199F5}.Debug|Any CPU.ActiveCfg = Debug|Any CPU
		{EDA268BA-28C2-4C3E-BEA4-74E8401199F5}.Debug|Any CPU.Build.0 = Debug|Any CPU
		{EDA268BA-28C2-4C3E-BEA4-74E8401199F5}.Release|Any CPU.ActiveCfg = Release|Any CPU
		{EDA268BA-28C2-4C3E-BEA4-74E8401199F5}.Release|Any CPU.Build.0 = Release|Any CPU
		{FC05B038-E806-41B4-9A31-BEA32B453C7F}.Debug|Any CPU.ActiveCfg = Debug|Any CPU
		{FC05B038-E806-41B4-9A31-BEA32B453C7F}.Debug|Any CPU.Build.0 = Debug|Any CPU
		{FC05B038-E806-41B4-9A31-BEA32B453C7F}.Release|Any CPU.ActiveCfg = Release|Any CPU
		{FC05B038-E806-41B4-9A31-BEA32B453C7F}.Release|Any CPU.Build.0 = Release|Any CPU
		{A1939A0B-E6F1-4A22-A31B-CB1C8A939579}.Debug|Any CPU.ActiveCfg = Debug|Any CPU
		{A1939A0B-E6F1-4A22-A31B-CB1C8A939579}.Debug|Any CPU.Build.0 = Debug|Any CPU
		{A1939A0B-E6F1-4A22-A31B-CB1C8A939579}.Release|Any CPU.ActiveCfg = Release|Any CPU
		{A1939A0B-E6F1-4A22-A31B-CB1C8A939579}.Release|Any CPU.Build.0 = Release|Any CPU
		{E510201C-F7EC-4BB8-9BBB-D1E89D186AE0}.Debug|Any CPU.ActiveCfg = Debug|Any CPU
		{E510201C-F7EC-4BB8-9BBB-D1E89D186AE0}.Debug|Any CPU.Build.0 = Debug|Any CPU
		{E510201C-F7EC-4BB8-9BBB-D1E89D186AE0}.Release|Any CPU.ActiveCfg = Release|Any CPU
		{E510201C-F7EC-4BB8-9BBB-D1E89D186AE0}.Release|Any CPU.Build.0 = Release|Any CPU
		{976A2143-0831-4E6B-8C30-9796C051B50A}.Debug|Any CPU.ActiveCfg = Debug|Any CPU
		{976A2143-0831-4E6B-8C30-9796C051B50A}.Debug|Any CPU.Build.0 = Debug|Any CPU
		{976A2143-0831-4E6B-8C30-9796C051B50A}.Release|Any CPU.ActiveCfg = Release|Any CPU
		{976A2143-0831-4E6B-8C30-9796C051B50A}.Release|Any CPU.Build.0 = Release|Any CPU
		{3CA1101F-A6C8-4A0E-8CCA-DA23127246EC}.Debug|Any CPU.ActiveCfg = Debug|Any CPU
		{3CA1101F-A6C8-4A0E-8CCA-DA23127246EC}.Debug|Any CPU.Build.0 = Debug|Any CPU
		{3CA1101F-A6C8-4A0E-8CCA-DA23127246EC}.Release|Any CPU.ActiveCfg = Release|Any CPU
		{3CA1101F-A6C8-4A0E-8CCA-DA23127246EC}.Release|Any CPU.Build.0 = Release|Any CPU
	EndGlobalSection
	GlobalSection(SolutionProperties) = preSolution
		HideSolutionNode = FALSE
	EndGlobalSection
	GlobalSection(NestedProjects) = preSolution
		{930734ED-1F93-4443-9C94-04B5611469B9} = {70E565CE-CA50-4DFE-A541-200BF073FD33}
		{8128AFC7-43A2-48F1-A5D0-6B78A9928F25} = {70E565CE-CA50-4DFE-A541-200BF073FD33}
		{999DF181-F4C7-43CF-A4F3-93DBE7F571BD} = {70E565CE-CA50-4DFE-A541-200BF073FD33}
		{42E6F092-20FF-4237-B4F7-73BFA7FD0E27} = {7746A8F8-29B3-4C62-B960-9FA307222EE9}
		{D8DB9400-6074-48BB-B12C-44DEECCEA943} = {7746A8F8-29B3-4C62-B960-9FA307222EE9}
		{CC4367E1-CDE6-4AA2-B364-A843C1675414} = {7746A8F8-29B3-4C62-B960-9FA307222EE9}
		{7DB73517-F073-40C3-836B-A1993C753AF8} = {7746A8F8-29B3-4C62-B960-9FA307222EE9}
		{27E265ED-F9B3-4F69-B040-F2CCE7954E80} = {7746A8F8-29B3-4C62-B960-9FA307222EE9}
		{AF253894-1794-4386-9F82-75C5A431987C} = {27E265ED-F9B3-4F69-B040-F2CCE7954E80}
		{01A28263-98A2-40D2-BBCF-D9D6241899A3} = {7DB73517-F073-40C3-836B-A1993C753AF8}
		{AE569068-FC8C-4E12-82A2-1C504C7775F9} = {CC4367E1-CDE6-4AA2-B364-A843C1675414}
		{174BD88B-4795-40B7-A454-EAC5CE114BE4} = {D8DB9400-6074-48BB-B12C-44DEECCEA943}
		{9E2B6DBD-45B2-44CD-9D3A-951178B771E1} = {D8DB9400-6074-48BB-B12C-44DEECCEA943}
		{EDA268BA-28C2-4C3E-BEA4-74E8401199F5} = {42E6F092-20FF-4237-B4F7-73BFA7FD0E27}
		{A8D643E4-4F38-4447-A7D2-3649E209C918} = {5DFE0E24-12A3-4EFC-9E5D-08A19A4ABE7E}
		{FC05B038-E806-41B4-9A31-BEA32B453C7F} = {A8D643E4-4F38-4447-A7D2-3649E209C918}
		{62CDBA25-4F90-46ED-BAE3-C11922A6BA0A} = {5DFE0E24-12A3-4EFC-9E5D-08A19A4ABE7E}
		{A1939A0B-E6F1-4A22-A31B-CB1C8A939579} = {62CDBA25-4F90-46ED-BAE3-C11922A6BA0A}
		{861DEC54-D9BD-4C73-B0BC-CE4FB36D3C08} = {5DFE0E24-12A3-4EFC-9E5D-08A19A4ABE7E}
		{E510201C-F7EC-4BB8-9BBB-D1E89D186AE0} = {861DEC54-D9BD-4C73-B0BC-CE4FB36D3C08}
		{5088EDB5-A781-4834-949E-AFF7AADD2989} = {5DFE0E24-12A3-4EFC-9E5D-08A19A4ABE7E}
		{976A2143-0831-4E6B-8C30-9796C051B50A} = {5088EDB5-A781-4834-949E-AFF7AADD2989}
		{67ABB733-02BF-4DA5-B44E-7E2BF0408F00} = {5DFE0E24-12A3-4EFC-9E5D-08A19A4ABE7E}
		{3CA1101F-A6C8-4A0E-8CCA-DA23127246EC} = {67ABB733-02BF-4DA5-B44E-7E2BF0408F00}
	EndGlobalSection
	GlobalSection(ExtensibilityGlobals) = postSolution
		SolutionGuid = {0B89D52C-3566-4D67-B658-93B25A40DE0E}
	EndGlobalSection
EndGlobal
