
Microsoft Visual Studio Solution File, Format Version 12.00
# Visual Studio 14
VisualStudioVersion = 14.0.25420.1
MinimumVisualStudioVersion = 10.0.40219.1
Project("{2150E333-8FDC-42A3-9474-1A3956D46DE8}") = "Site", "Site", "{62B07385-6FB1-4FE3-87EB-A2555A5D6A64}"
EndProject
Project("{2150E333-8FDC-42A3-9474-1A3956D46DE8}") = "CourseManagement", "CourseManagement", "{5E97FB10-8CDF-4C0C-BBAD-ED8C05B3971D}"
EndProject
Project("{2150E333-8FDC-42A3-9474-1A3956D46DE8}") = "Common", "Common", "{FD29CCF8-26F8-4479-BEBE-0B1CB8D69BE8}"
EndProject
Project("{FAE04EC0-301F-11D3-BF4B-00C04F79EFBC}") = "Common.BaseClasses", "Common.BaseClasses\Common.BaseClasses.csproj", "{CB14B7BD-C197-4F1C-8286-1F1916A3B648}"
EndProject
Project("{FAE04EC0-301F-11D3-BF4B-00C04F79EFBC}") = "Common.Utils", "Common.Utils\Common.Utils.csproj", "{5CDB8473-FC64-45FA-860C-F5923FD1C363}"
EndProject
Project("{2150E333-8FDC-42A3-9474-1A3956D46DE8}") = "1-UI", "1-UI", "{B5EC0C37-62EE-42B6-BACC-D0F58927EC83}"
EndProject
Project("{2150E333-8FDC-42A3-9474-1A3956D46DE8}") = "2-ApplicationServices", "2-ApplicationServices", "{D2B112D8-2D54-49C7-8640-7CA26A9F646A}"
EndProject
Project("{2150E333-8FDC-42A3-9474-1A3956D46DE8}") = "3-DomainContracts", "3-DomainContracts", "{6A249AD1-50B9-4167-AEAC-D89E660ADECA}"
EndProject
Project("{2150E333-8FDC-42A3-9474-1A3956D46DE8}") = "4-DominEntities", "4-DominEntities", "{C0A0F1FC-B762-4D94-85D6-18ED00F63EC7}"
EndProject
Project("{2150E333-8FDC-42A3-9474-1A3956D46DE8}") = "5-DataSource", "5-DataSource", "{CC6CFC45-D79D-48B2-B395-6F4BCAF32172}"
EndProject
Project("{2150E333-8FDC-42A3-9474-1A3956D46DE8}") = "1-UI", "1-UI", "{FC004601-6704-4094-8570-CAC55E1DB199}"
EndProject
Project("{2150E333-8FDC-42A3-9474-1A3956D46DE8}") = "2-ApplicationServices", "2-ApplicationServices", "{4B42E64C-2BEF-47B7-872E-5907E54117CC}"
EndProject
Project("{2150E333-8FDC-42A3-9474-1A3956D46DE8}") = "3-DomainContracts", "3-DomainContracts", "{FE24DAD1-6DF0-4C33-A991-B5536CD0F16E}"
EndProject
Project("{2150E333-8FDC-42A3-9474-1A3956D46DE8}") = "4-DominEntities", "4-DominEntities", "{4CFB8D15-49C7-47F2-A3F8-AA15FEA77AEE}"
EndProject
Project("{2150E333-8FDC-42A3-9474-1A3956D46DE8}") = "5-DataSource", "5-DataSource", "{2463E1BD-8D36-42B9-A6FE-E507F8E0E072}"
EndProject
Project("{FAE04EC0-301F-11D3-BF4B-00C04F79EFBC}") = "CourseManagement.DataSource", "CourseManagement.DataSource\CourseManagement.DataSource.csproj", "{733E31F0-70F5-483F-A73F-E7E4A180AE6B}"
EndProject
Project("{FAE04EC0-301F-11D3-BF4B-00C04F79EFBC}") = "CourseManagement.DomainEntities", "CourseManagement.DomainEntities\CourseManagement.DomainEntities.csproj", "{11B63961-D653-48AF-B27D-F6979C5A098B}"
EndProject
Project("{FAE04EC0-301F-11D3-BF4B-00C04F79EFBC}") = "CoursesManagement.DomainContracts", "CoursesManagement.DomainContracts\CoursesManagement.DomainContracts.csproj", "{71C63232-E5CE-49EA-A863-5342CA4B1193}"
EndProject
Project("{FAE04EC0-301F-11D3-BF4B-00C04F79EFBC}") = "Site.DataSource", "Site.DataSource\Site.DataSource.csproj", "{BC43E4BB-2EA7-4CA1-893F-56143E45D356}"
EndProject
Project("{FAE04EC0-301F-11D3-BF4B-00C04F79EFBC}") = "Site.DomainEntities", "Site.DomainEntities\Site.DomainEntities.csproj", "{64238551-B9BC-4DAF-B2F7-5A969F483E98}"
EndProject
Project("{FAE04EC0-301F-11D3-BF4B-00C04F79EFBC}") = "Common.SharedData", "Common.SharedData\Common.SharedData.csproj", "{75640CC6-7E0A-486D-9CB7-C5FBC2B2B4BA}"
EndProject
Project("{FAE04EC0-301F-11D3-BF4B-00C04F79EFBC}") = "Site.UI", "Site.UI\Site.UI.csproj", "{7EBF79D1-F754-4870-8157-09479A4E1049}"
EndProject
Project("{FAE04EC0-301F-11D3-BF4B-00C04F79EFBC}") = "Site.DomainContracts", "Site.DomainContracts\Site.DomainContracts.csproj", "{C3DE4B24-8E62-4149-A69A-30B87FA6E37D}"
EndProject
Project("{FAE04EC0-301F-11D3-BF4B-00C04F79EFBC}") = "Site.ApplicationServices", "Site.ApplicationServices\Site.ApplicationServices.csproj", "{F003E333-C003-4F86-B962-9A1A491BCEB4}"
EndProject
Project("{FAE04EC0-301F-11D3-BF4B-00C04F79EFBC}") = "CourseManagement.UI", "CourseManagement.UI\CourseManagement.UI.csproj", "{FF097FF7-82AE-422A-9392-FBC2B7B51B99}"
EndProject
Project("{FAE04EC0-301F-11D3-BF4B-00C04F79EFBC}") = "CourseManagement.ApplicationServices.Contracts", "CourseManagement.ApplicationServices.Contracts\CourseManagement.ApplicationServices.Contracts.csproj", "{45E71F71-2FCB-43D9-A05E-C5B2B7EC672F}"
EndProject
Project("{FAE04EC0-301F-11D3-BF4B-00C04F79EFBC}") = "CourseManagement.ApplicationServices.Implementation", "CourseManagement.ApplicationServices.Implementation\CourseManagement.ApplicationServices.Implementation.csproj", "{23FE673D-A3B7-4E32-9408-77C238989F04}"
EndProject
Global
	GlobalSection(SolutionConfigurationPlatforms) = preSolution
		Debug|Any CPU = Debug|Any CPU
		Release|Any CPU = Release|Any CPU
	EndGlobalSection
	GlobalSection(ProjectConfigurationPlatforms) = postSolution
		{CB14B7BD-C197-4F1C-8286-1F1916A3B648}.Debug|Any CPU.ActiveCfg = Debug|Any CPU
		{CB14B7BD-C197-4F1C-8286-1F1916A3B648}.Debug|Any CPU.Build.0 = Debug|Any CPU
		{CB14B7BD-C197-4F1C-8286-1F1916A3B648}.Release|Any CPU.ActiveCfg = Release|Any CPU
		{CB14B7BD-C197-4F1C-8286-1F1916A3B648}.Release|Any CPU.Build.0 = Release|Any CPU
		{5CDB8473-FC64-45FA-860C-F5923FD1C363}.Debug|Any CPU.ActiveCfg = Debug|Any CPU
		{5CDB8473-FC64-45FA-860C-F5923FD1C363}.Debug|Any CPU.Build.0 = Debug|Any CPU
		{5CDB8473-FC64-45FA-860C-F5923FD1C363}.Release|Any CPU.ActiveCfg = Release|Any CPU
		{5CDB8473-FC64-45FA-860C-F5923FD1C363}.Release|Any CPU.Build.0 = Release|Any CPU
		{733E31F0-70F5-483F-A73F-E7E4A180AE6B}.Debug|Any CPU.ActiveCfg = Debug|Any CPU
		{733E31F0-70F5-483F-A73F-E7E4A180AE6B}.Debug|Any CPU.Build.0 = Debug|Any CPU
		{733E31F0-70F5-483F-A73F-E7E4A180AE6B}.Release|Any CPU.ActiveCfg = Release|Any CPU
		{733E31F0-70F5-483F-A73F-E7E4A180AE6B}.Release|Any CPU.Build.0 = Release|Any CPU
		{11B63961-D653-48AF-B27D-F6979C5A098B}.Debug|Any CPU.ActiveCfg = Debug|Any CPU
		{11B63961-D653-48AF-B27D-F6979C5A098B}.Debug|Any CPU.Build.0 = Debug|Any CPU
		{11B63961-D653-48AF-B27D-F6979C5A098B}.Release|Any CPU.ActiveCfg = Release|Any CPU
		{11B63961-D653-48AF-B27D-F6979C5A098B}.Release|Any CPU.Build.0 = Release|Any CPU
		{71C63232-E5CE-49EA-A863-5342CA4B1193}.Debug|Any CPU.ActiveCfg = Debug|Any CPU
		{71C63232-E5CE-49EA-A863-5342CA4B1193}.Debug|Any CPU.Build.0 = Debug|Any CPU
		{71C63232-E5CE-49EA-A863-5342CA4B1193}.Release|Any CPU.ActiveCfg = Release|Any CPU
		{71C63232-E5CE-49EA-A863-5342CA4B1193}.Release|Any CPU.Build.0 = Release|Any CPU
		{BC43E4BB-2EA7-4CA1-893F-56143E45D356}.Debug|Any CPU.ActiveCfg = Debug|Any CPU
		{BC43E4BB-2EA7-4CA1-893F-56143E45D356}.Debug|Any CPU.Build.0 = Debug|Any CPU
		{BC43E4BB-2EA7-4CA1-893F-56143E45D356}.Release|Any CPU.ActiveCfg = Release|Any CPU
		{BC43E4BB-2EA7-4CA1-893F-56143E45D356}.Release|Any CPU.Build.0 = Release|Any CPU
		{64238551-B9BC-4DAF-B2F7-5A969F483E98}.Debug|Any CPU.ActiveCfg = Debug|Any CPU
		{64238551-B9BC-4DAF-B2F7-5A969F483E98}.Debug|Any CPU.Build.0 = Debug|Any CPU
		{64238551-B9BC-4DAF-B2F7-5A969F483E98}.Release|Any CPU.ActiveCfg = Release|Any CPU
		{64238551-B9BC-4DAF-B2F7-5A969F483E98}.Release|Any CPU.Build.0 = Release|Any CPU
		{75640CC6-7E0A-486D-9CB7-C5FBC2B2B4BA}.Debug|Any CPU.ActiveCfg = Debug|Any CPU
		{75640CC6-7E0A-486D-9CB7-C5FBC2B2B4BA}.Debug|Any CPU.Build.0 = Debug|Any CPU
		{75640CC6-7E0A-486D-9CB7-C5FBC2B2B4BA}.Release|Any CPU.ActiveCfg = Release|Any CPU
		{75640CC6-7E0A-486D-9CB7-C5FBC2B2B4BA}.Release|Any CPU.Build.0 = Release|Any CPU
		{7EBF79D1-F754-4870-8157-09479A4E1049}.Debug|Any CPU.ActiveCfg = Debug|Any CPU
		{7EBF79D1-F754-4870-8157-09479A4E1049}.Debug|Any CPU.Build.0 = Debug|Any CPU
		{7EBF79D1-F754-4870-8157-09479A4E1049}.Release|Any CPU.ActiveCfg = Release|Any CPU
		{7EBF79D1-F754-4870-8157-09479A4E1049}.Release|Any CPU.Build.0 = Release|Any CPU
		{C3DE4B24-8E62-4149-A69A-30B87FA6E37D}.Debug|Any CPU.ActiveCfg = Debug|Any CPU
		{C3DE4B24-8E62-4149-A69A-30B87FA6E37D}.Debug|Any CPU.Build.0 = Debug|Any CPU
		{C3DE4B24-8E62-4149-A69A-30B87FA6E37D}.Release|Any CPU.ActiveCfg = Release|Any CPU
		{C3DE4B24-8E62-4149-A69A-30B87FA6E37D}.Release|Any CPU.Build.0 = Release|Any CPU
		{F003E333-C003-4F86-B962-9A1A491BCEB4}.Debug|Any CPU.ActiveCfg = Debug|Any CPU
		{F003E333-C003-4F86-B962-9A1A491BCEB4}.Debug|Any CPU.Build.0 = Debug|Any CPU
		{F003E333-C003-4F86-B962-9A1A491BCEB4}.Release|Any CPU.ActiveCfg = Release|Any CPU
		{F003E333-C003-4F86-B962-9A1A491BCEB4}.Release|Any CPU.Build.0 = Release|Any CPU
		{FF097FF7-82AE-422A-9392-FBC2B7B51B99}.Debug|Any CPU.ActiveCfg = Debug|Any CPU
		{FF097FF7-82AE-422A-9392-FBC2B7B51B99}.Debug|Any CPU.Build.0 = Debug|Any CPU
		{FF097FF7-82AE-422A-9392-FBC2B7B51B99}.Release|Any CPU.ActiveCfg = Release|Any CPU
		{FF097FF7-82AE-422A-9392-FBC2B7B51B99}.Release|Any CPU.Build.0 = Release|Any CPU
		{45E71F71-2FCB-43D9-A05E-C5B2B7EC672F}.Debug|Any CPU.ActiveCfg = Debug|Any CPU
		{45E71F71-2FCB-43D9-A05E-C5B2B7EC672F}.Debug|Any CPU.Build.0 = Debug|Any CPU
		{45E71F71-2FCB-43D9-A05E-C5B2B7EC672F}.Release|Any CPU.ActiveCfg = Release|Any CPU
		{45E71F71-2FCB-43D9-A05E-C5B2B7EC672F}.Release|Any CPU.Build.0 = Release|Any CPU
		{23FE673D-A3B7-4E32-9408-77C238989F04}.Debug|Any CPU.ActiveCfg = Debug|Any CPU
		{23FE673D-A3B7-4E32-9408-77C238989F04}.Debug|Any CPU.Build.0 = Debug|Any CPU
		{23FE673D-A3B7-4E32-9408-77C238989F04}.Release|Any CPU.ActiveCfg = Release|Any CPU
		{23FE673D-A3B7-4E32-9408-77C238989F04}.Release|Any CPU.Build.0 = Release|Any CPU
	EndGlobalSection
	GlobalSection(SolutionProperties) = preSolution
		HideSolutionNode = FALSE
	EndGlobalSection
	GlobalSection(NestedProjects) = preSolution
		{CB14B7BD-C197-4F1C-8286-1F1916A3B648} = {FD29CCF8-26F8-4479-BEBE-0B1CB8D69BE8}
		{5CDB8473-FC64-45FA-860C-F5923FD1C363} = {FD29CCF8-26F8-4479-BEBE-0B1CB8D69BE8}
		{B5EC0C37-62EE-42B6-BACC-D0F58927EC83} = {5E97FB10-8CDF-4C0C-BBAD-ED8C05B3971D}
		{D2B112D8-2D54-49C7-8640-7CA26A9F646A} = {5E97FB10-8CDF-4C0C-BBAD-ED8C05B3971D}
		{6A249AD1-50B9-4167-AEAC-D89E660ADECA} = {5E97FB10-8CDF-4C0C-BBAD-ED8C05B3971D}
		{C0A0F1FC-B762-4D94-85D6-18ED00F63EC7} = {5E97FB10-8CDF-4C0C-BBAD-ED8C05B3971D}
		{CC6CFC45-D79D-48B2-B395-6F4BCAF32172} = {5E97FB10-8CDF-4C0C-BBAD-ED8C05B3971D}
		{FC004601-6704-4094-8570-CAC55E1DB199} = {62B07385-6FB1-4FE3-87EB-A2555A5D6A64}
		{4B42E64C-2BEF-47B7-872E-5907E54117CC} = {62B07385-6FB1-4FE3-87EB-A2555A5D6A64}
		{FE24DAD1-6DF0-4C33-A991-B5536CD0F16E} = {62B07385-6FB1-4FE3-87EB-A2555A5D6A64}
		{4CFB8D15-49C7-47F2-A3F8-AA15FEA77AEE} = {62B07385-6FB1-4FE3-87EB-A2555A5D6A64}
		{2463E1BD-8D36-42B9-A6FE-E507F8E0E072} = {62B07385-6FB1-4FE3-87EB-A2555A5D6A64}
		{733E31F0-70F5-483F-A73F-E7E4A180AE6B} = {CC6CFC45-D79D-48B2-B395-6F4BCAF32172}
		{11B63961-D653-48AF-B27D-F6979C5A098B} = {C0A0F1FC-B762-4D94-85D6-18ED00F63EC7}
		{71C63232-E5CE-49EA-A863-5342CA4B1193} = {6A249AD1-50B9-4167-AEAC-D89E660ADECA}
		{BC43E4BB-2EA7-4CA1-893F-56143E45D356} = {2463E1BD-8D36-42B9-A6FE-E507F8E0E072}
		{64238551-B9BC-4DAF-B2F7-5A969F483E98} = {4CFB8D15-49C7-47F2-A3F8-AA15FEA77AEE}
		{75640CC6-7E0A-486D-9CB7-C5FBC2B2B4BA} = {FD29CCF8-26F8-4479-BEBE-0B1CB8D69BE8}
		{7EBF79D1-F754-4870-8157-09479A4E1049} = {FC004601-6704-4094-8570-CAC55E1DB199}
		{C3DE4B24-8E62-4149-A69A-30B87FA6E37D} = {FE24DAD1-6DF0-4C33-A991-B5536CD0F16E}
		{F003E333-C003-4F86-B962-9A1A491BCEB4} = {4B42E64C-2BEF-47B7-872E-5907E54117CC}
		{FF097FF7-82AE-422A-9392-FBC2B7B51B99} = {B5EC0C37-62EE-42B6-BACC-D0F58927EC83}
		{45E71F71-2FCB-43D9-A05E-C5B2B7EC672F} = {D2B112D8-2D54-49C7-8640-7CA26A9F646A}
		{23FE673D-A3B7-4E32-9408-77C238989F04} = {D2B112D8-2D54-49C7-8640-7CA26A9F646A}
	EndGlobalSection
EndGlobal
