
Microsoft Visual Studio Solution File, Format Version 12.00
# Visual Studio Version 16
VisualStudioVersion = 16.0.30011.22
MinimumVisualStudioVersion = 10.0.40219.1
Project("{9A19103F-16F7-4668-BE54-9A1E7A4F7556}") = "DomainClasses", "DomainClasses\DomainClasses.csproj", "{FC43C611-08A0-4B18-921B-C65C68681282}"
EndProject
Project("{9A19103F-16F7-4668-BE54-9A1E7A4F7556}") = "Utils", "Utils\Utils.csproj", "{3720836B-A7FF-45C9-8309-7A37ACDC8B5B}"
EndProject
Project("{2150E333-8FDC-42A3-9474-1A3956D46DE8}") = "1-SingleContext", "1-SingleContext", "{A8B30A62-150B-4E27-A151-959624798492}"
EndProject
Project("{9A19103F-16F7-4668-BE54-9A1E7A4F7556}") = "SingleContext.DataLayer", "SingleContext.DataLayer\SingleContext.DataLayer.csproj", "{8603CB2A-F789-4D1D-85DE-D1F8027E2532}"
EndProject
Project("{9A19103F-16F7-4668-BE54-9A1E7A4F7556}") = "SingleContext.UI", "SingleContext.UI\SingleContext.UI.csproj", "{B44AB8D2-9510-4B6A-9539-247FB3A07CC1}"
EndProject
Project("{2150E333-8FDC-42A3-9474-1A3956D46DE8}") = "2-SingleContextWithAggregateRoots", "2-SingleContextWithAggregateRoots", "{A3241426-BE34-453B-8B9D-11DA32AB991E}"
EndProject
Project("{FAE04EC0-301F-11D3-BF4B-00C04F79EFBC}") = "SingleContextWithAggregateRoots.DataLayer", "SingleContextWithAggregateRoots.DataLayer\SingleContextWithAggregateRoots.DataLayer.csproj", "{A8E57FDD-46FE-4D86-ADAC-2D36DFDB41A7}"
EndProject
Project("{FAE04EC0-301F-11D3-BF4B-00C04F79EFBC}") = "SingleContextWithAggregateRoots.UI", "SingleContextWithAggregateRoots.UI\SingleContextWithAggregateRoots.UI.csproj", "{B4EEA831-4E61-4C20-8F34-8A17BD729306}"
EndProject
Project("{2150E333-8FDC-42A3-9474-1A3956D46DE8}") = "3-MultipleContexts", "3-MultipleContexts", "{28095CFA-2399-407D-A24F-2FBA49C45D3B}"
EndProject
Project("{FAE04EC0-301F-11D3-BF4B-00C04F79EFBC}") = "MultipleContexts", "MultipleContexts\MultipleContexts.csproj", "{796CC439-686E-4B61-9C97-1CB95D37DC28}"
EndProject
Project("{FAE04EC0-301F-11D3-BF4B-00C04F79EFBC}") = "MultipleContexts.UI", "MultipleContexts.UI\MultipleContexts.UI.csproj", "{63EB5191-FE86-40D0-BED8-035E6DD31CB4}"
EndProject
Global
	GlobalSection(SolutionConfigurationPlatforms) = preSolution
		Debug|Any CPU = Debug|Any CPU
		Release|Any CPU = Release|Any CPU
	EndGlobalSection
	GlobalSection(ProjectConfigurationPlatforms) = postSolution
		{FC43C611-08A0-4B18-921B-C65C68681282}.Debug|Any CPU.ActiveCfg = Debug|Any CPU
		{FC43C611-08A0-4B18-921B-C65C68681282}.Debug|Any CPU.Build.0 = Debug|Any CPU
		{FC43C611-08A0-4B18-921B-C65C68681282}.Release|Any CPU.ActiveCfg = Release|Any CPU
		{FC43C611-08A0-4B18-921B-C65C68681282}.Release|Any CPU.Build.0 = Release|Any CPU
		{3720836B-A7FF-45C9-8309-7A37ACDC8B5B}.Debug|Any CPU.ActiveCfg = Debug|Any CPU
		{3720836B-A7FF-45C9-8309-7A37ACDC8B5B}.Debug|Any CPU.Build.0 = Debug|Any CPU
		{3720836B-A7FF-45C9-8309-7A37ACDC8B5B}.Release|Any CPU.ActiveCfg = Release|Any CPU
		{3720836B-A7FF-45C9-8309-7A37ACDC8B5B}.Release|Any CPU.Build.0 = Release|Any CPU
		{8603CB2A-F789-4D1D-85DE-D1F8027E2532}.Debug|Any CPU.ActiveCfg = Debug|Any CPU
		{8603CB2A-F789-4D1D-85DE-D1F8027E2532}.Debug|Any CPU.Build.0 = Debug|Any CPU
		{8603CB2A-F789-4D1D-85DE-D1F8027E2532}.Release|Any CPU.ActiveCfg = Release|Any CPU
		{8603CB2A-F789-4D1D-85DE-D1F8027E2532}.Release|Any CPU.Build.0 = Release|Any CPU
		{B44AB8D2-9510-4B6A-9539-247FB3A07CC1}.Debug|Any CPU.ActiveCfg = Debug|Any CPU
		{B44AB8D2-9510-4B6A-9539-247FB3A07CC1}.Debug|Any CPU.Build.0 = Debug|Any CPU
		{B44AB8D2-9510-4B6A-9539-247FB3A07CC1}.Release|Any CPU.ActiveCfg = Release|Any CPU
		{B44AB8D2-9510-4B6A-9539-247FB3A07CC1}.Release|Any CPU.Build.0 = Release|Any CPU
		{A8E57FDD-46FE-4D86-ADAC-2D36DFDB41A7}.Debug|Any CPU.ActiveCfg = Debug|Any CPU
		{A8E57FDD-46FE-4D86-ADAC-2D36DFDB41A7}.Debug|Any CPU.Build.0 = Debug|Any CPU
		{A8E57FDD-46FE-4D86-ADAC-2D36DFDB41A7}.Release|Any CPU.ActiveCfg = Release|Any CPU
		{A8E57FDD-46FE-4D86-ADAC-2D36DFDB41A7}.Release|Any CPU.Build.0 = Release|Any CPU
		{B4EEA831-4E61-4C20-8F34-8A17BD729306}.Debug|Any CPU.ActiveCfg = Debug|Any CPU
		{B4EEA831-4E61-4C20-8F34-8A17BD729306}.Debug|Any CPU.Build.0 = Debug|Any CPU
		{B4EEA831-4E61-4C20-8F34-8A17BD729306}.Release|Any CPU.ActiveCfg = Release|Any CPU
		{B4EEA831-4E61-4C20-8F34-8A17BD729306}.Release|Any CPU.Build.0 = Release|Any CPU
		{796CC439-686E-4B61-9C97-1CB95D37DC28}.Debug|Any CPU.ActiveCfg = Debug|Any CPU
		{796CC439-686E-4B61-9C97-1CB95D37DC28}.Debug|Any CPU.Build.0 = Debug|Any CPU
		{796CC439-686E-4B61-9C97-1CB95D37DC28}.Release|Any CPU.ActiveCfg = Release|Any CPU
		{796CC439-686E-4B61-9C97-1CB95D37DC28}.Release|Any CPU.Build.0 = Release|Any CPU
		{63EB5191-FE86-40D0-BED8-035E6DD31CB4}.Debug|Any CPU.ActiveCfg = Debug|Any CPU
		{63EB5191-FE86-40D0-BED8-035E6DD31CB4}.Debug|Any CPU.Build.0 = Debug|Any CPU
		{63EB5191-FE86-40D0-BED8-035E6DD31CB4}.Release|Any CPU.ActiveCfg = Release|Any CPU
		{63EB5191-FE86-40D0-BED8-035E6DD31CB4}.Release|Any CPU.Build.0 = Release|Any CPU
	EndGlobalSection
	GlobalSection(SolutionProperties) = preSolution
		HideSolutionNode = FALSE
	EndGlobalSection
	GlobalSection(NestedProjects) = preSolution
		{8603CB2A-F789-4D1D-85DE-D1F8027E2532} = {A8B30A62-150B-4E27-A151-959624798492}
		{B44AB8D2-9510-4B6A-9539-247FB3A07CC1} = {A8B30A62-150B-4E27-A151-959624798492}
		{A8E57FDD-46FE-4D86-ADAC-2D36DFDB41A7} = {A3241426-BE34-453B-8B9D-11DA32AB991E}
		{B4EEA831-4E61-4C20-8F34-8A17BD729306} = {A3241426-BE34-453B-8B9D-11DA32AB991E}
		{796CC439-686E-4B61-9C97-1CB95D37DC28} = {28095CFA-2399-407D-A24F-2FBA49C45D3B}
		{63EB5191-FE86-40D0-BED8-035E6DD31CB4} = {28095CFA-2399-407D-A24F-2FBA49C45D3B}
	EndGlobalSection
	GlobalSection(ExtensibilityGlobals) = postSolution
		SolutionGuid = {B277F8EB-8D2A-4E16-A1EE-C8640D81A404}
	EndGlobalSection
EndGlobal
