
Microsoft Visual Studio Solution File, Format Version 12.00
# Visual Studio 14
VisualStudioVersion = 14.0.25420.1
MinimumVisualStudioVersion = 10.0.40219.1
Project("{2150E333-8FDC-42A3-9474-1A3956D46DE8}") = "1-SingleContext", "1-SingleContext", "{5C934246-5B08-420C-A727-FAF5159565CE}"
EndProject
Project("{FAE04EC0-301F-11D3-BF4B-00C04F79EFBC}") = "SingleContext.UI", "SingleContext.UI\SingleContext.UI.csproj", "{3FF437C0-59C1-4858-B724-58B807AADDF5}"
EndProject
Project("{FAE04EC0-301F-11D3-BF4B-00C04F79EFBC}") = "SingleContext.DataLayer", "SingleContext.DataLayer\SingleContext.DataLayer.csproj", "{316ADC42-82CF-42C9-AF67-61607B7FC053}"
EndProject
Project("{FAE04EC0-301F-11D3-BF4B-00C04F79EFBC}") = "Utils", "Utils\Utils.csproj", "{3B6296CB-2531-4B08-A08B-BCCC2A28560D}"
EndProject
Project("{2150E333-8FDC-42A3-9474-1A3956D46DE8}") = "2-SingleContextWithAgregateRoots", "2-SingleContextWithAgregateRoots", "{36190B7F-1ABD-434D-A3A5-1467396D9599}"
EndProject
Project("{FAE04EC0-301F-11D3-BF4B-00C04F79EFBC}") = "SingleContextWithAggregateRoots.DataLayer", "SingleContextWithAggregateRoots.DataLayer\SingleContextWithAggregateRoots.DataLayer.csproj", "{57B07E43-F172-4E45-9351-0701A634EC92}"
EndProject
Project("{FAE04EC0-301F-11D3-BF4B-00C04F79EFBC}") = "SingleContextWithAggregateRoots.UI", "SingleContextWithAggregateRoots.UI\SingleContextWithAggregateRoots.UI.csproj", "{9C7160DC-92D2-40F9-BD88-D0EC89197691}"
EndProject
Project("{2150E333-8FDC-42A3-9474-1A3956D46DE8}") = "3-MultipleContexts", "3-MultipleContexts", "{D501D24A-7CF1-404D-8791-7A4130E9BDFD}"
EndProject
Project("{FAE04EC0-301F-11D3-BF4B-00C04F79EFBC}") = "MultipleContext", "MultipleContext\MultipleContext.csproj", "{B41C4881-6DB1-4EB2-9837-D85AC5EA30BF}"
EndProject
Project("{FAE04EC0-301F-11D3-BF4B-00C04F79EFBC}") = "DomainClasses", "DomainClasses\DomainClasses.csproj", "{6ECDF557-79D5-4FDA-8EC7-3B36848A8AC9}"
EndProject
Global
	GlobalSection(SolutionConfigurationPlatforms) = preSolution
		Debug|Any CPU = Debug|Any CPU
		Release|Any CPU = Release|Any CPU
	EndGlobalSection
	GlobalSection(ProjectConfigurationPlatforms) = postSolution
		{3FF437C0-59C1-4858-B724-58B807AADDF5}.Debug|Any CPU.ActiveCfg = Debug|Any CPU
		{3FF437C0-59C1-4858-B724-58B807AADDF5}.Debug|Any CPU.Build.0 = Debug|Any CPU
		{3FF437C0-59C1-4858-B724-58B807AADDF5}.Release|Any CPU.ActiveCfg = Release|Any CPU
		{3FF437C0-59C1-4858-B724-58B807AADDF5}.Release|Any CPU.Build.0 = Release|Any CPU
		{316ADC42-82CF-42C9-AF67-61607B7FC053}.Debug|Any CPU.ActiveCfg = Debug|Any CPU
		{316ADC42-82CF-42C9-AF67-61607B7FC053}.Debug|Any CPU.Build.0 = Debug|Any CPU
		{316ADC42-82CF-42C9-AF67-61607B7FC053}.Release|Any CPU.ActiveCfg = Release|Any CPU
		{316ADC42-82CF-42C9-AF67-61607B7FC053}.Release|Any CPU.Build.0 = Release|Any CPU
		{3B6296CB-2531-4B08-A08B-BCCC2A28560D}.Debug|Any CPU.ActiveCfg = Debug|Any CPU
		{3B6296CB-2531-4B08-A08B-BCCC2A28560D}.Debug|Any CPU.Build.0 = Debug|Any CPU
		{3B6296CB-2531-4B08-A08B-BCCC2A28560D}.Release|Any CPU.ActiveCfg = Release|Any CPU
		{3B6296CB-2531-4B08-A08B-BCCC2A28560D}.Release|Any CPU.Build.0 = Release|Any CPU
		{57B07E43-F172-4E45-9351-0701A634EC92}.Debug|Any CPU.ActiveCfg = Debug|Any CPU
		{57B07E43-F172-4E45-9351-0701A634EC92}.Debug|Any CPU.Build.0 = Debug|Any CPU
		{57B07E43-F172-4E45-9351-0701A634EC92}.Release|Any CPU.ActiveCfg = Release|Any CPU
		{57B07E43-F172-4E45-9351-0701A634EC92}.Release|Any CPU.Build.0 = Release|Any CPU
		{9C7160DC-92D2-40F9-BD88-D0EC89197691}.Debug|Any CPU.ActiveCfg = Debug|Any CPU
		{9C7160DC-92D2-40F9-BD88-D0EC89197691}.Debug|Any CPU.Build.0 = Debug|Any CPU
		{9C7160DC-92D2-40F9-BD88-D0EC89197691}.Release|Any CPU.ActiveCfg = Release|Any CPU
		{9C7160DC-92D2-40F9-BD88-D0EC89197691}.Release|Any CPU.Build.0 = Release|Any CPU
		{B41C4881-6DB1-4EB2-9837-D85AC5EA30BF}.Debug|Any CPU.ActiveCfg = Debug|Any CPU
		{B41C4881-6DB1-4EB2-9837-D85AC5EA30BF}.Debug|Any CPU.Build.0 = Debug|Any CPU
		{B41C4881-6DB1-4EB2-9837-D85AC5EA30BF}.Release|Any CPU.ActiveCfg = Release|Any CPU
		{B41C4881-6DB1-4EB2-9837-D85AC5EA30BF}.Release|Any CPU.Build.0 = Release|Any CPU
		{6ECDF557-79D5-4FDA-8EC7-3B36848A8AC9}.Debug|Any CPU.ActiveCfg = Debug|Any CPU
		{6ECDF557-79D5-4FDA-8EC7-3B36848A8AC9}.Debug|Any CPU.Build.0 = Debug|Any CPU
		{6ECDF557-79D5-4FDA-8EC7-3B36848A8AC9}.Release|Any CPU.ActiveCfg = Release|Any CPU
		{6ECDF557-79D5-4FDA-8EC7-3B36848A8AC9}.Release|Any CPU.Build.0 = Release|Any CPU
	EndGlobalSection
	GlobalSection(SolutionProperties) = preSolution
		HideSolutionNode = FALSE
	EndGlobalSection
	GlobalSection(NestedProjects) = preSolution
		{3FF437C0-59C1-4858-B724-58B807AADDF5} = {5C934246-5B08-420C-A727-FAF5159565CE}
		{316ADC42-82CF-42C9-AF67-61607B7FC053} = {5C934246-5B08-420C-A727-FAF5159565CE}
		{57B07E43-F172-4E45-9351-0701A634EC92} = {36190B7F-1ABD-434D-A3A5-1467396D9599}
		{9C7160DC-92D2-40F9-BD88-D0EC89197691} = {36190B7F-1ABD-434D-A3A5-1467396D9599}
		{B41C4881-6DB1-4EB2-9837-D85AC5EA30BF} = {D501D24A-7CF1-404D-8791-7A4130E9BDFD}
	EndGlobalSection
EndGlobal
